
Microsoft Visual Studio Solution File, Format Version 12.00
# Visual Studio Version 17
VisualStudioVersion = 17.3.32929.385
MinimumVisualStudioVersion = 10.0.40219.1
Project("{FAE04EC0-301F-11D3-BF4B-00C04F79EFBC}") = "ArraysSort", "ArraysSort\ArraysSort.csproj", "{FD5267CE-8DA6-4277-A2F6-E9E213168E4E}"
EndProject
Global
	GlobalSection(SolutionConfigurationPlatforms) = preSolution
		Debug|Any CPU = Debug|Any CPU
		Release|Any CPU = Release|Any CPU
	EndGlobalSection
	GlobalSection(ProjectConfigurationPlatforms) = postSolution
		{FD5267CE-8DA6-4277-A2F6-E9E213168E4E}.Debug|Any CPU.ActiveCfg = Debug|Any CPU
		{FD5267CE-8DA6-4277-A2F6-E9E213168E4E}.Debug|Any CPU.Build.0 = Debug|Any CPU
		{FD5267CE-8DA6-4277-A2F6-E9E213168E4E}.Release|Any CPU.ActiveCfg = Release|Any CPU
		{FD5267CE-8DA6-4277-A2F6-E9E213168E4E}.Release|Any CPU.Build.0 = Release|Any CPU
	EndGlobalSection
	GlobalSection(SolutionProperties) = preSolution
		HideSolutionNode = FALSE
	EndGlobalSection
	GlobalSection(ExtensibilityGlobals) = postSolution
		SolutionGuid = {35727F05-3E94-485C-A2D3-50AB78D86AAC}
	EndGlobalSection
EndGlobal
