
Microsoft Visual Studio Solution File, Format Version 12.00
# Visual Studio Version 17
VisualStudioVersion = 17.4.33122.133
MinimumVisualStudioVersion = 10.0.40219.1
Project("{FAE04EC0-301F-11D3-BF4B-00C04F79EFBC}") = "Practical", "Practical\Practical.csproj", "{023BB714-05A0-483F-B502-16E2B5C32DF3}"
EndProject
Global
	GlobalSection(SolutionConfigurationPlatforms) = preSolution
		Debug|Any CPU = Debug|Any CPU
		Release|Any CPU = Release|Any CPU
	EndGlobalSection
	GlobalSection(ProjectConfigurationPlatforms) = postSolution
		{023BB714-05A0-483F-B502-16E2B5C32DF3}.Debug|Any CPU.ActiveCfg = Debug|Any CPU
		{023BB714-05A0-483F-B502-16E2B5C32DF3}.Debug|Any CPU.Build.0 = Debug|Any CPU
		{023BB714-05A0-483F-B502-16E2B5C32DF3}.Release|Any CPU.ActiveCfg = Release|Any CPU
		{023BB714-05A0-483F-B502-16E2B5C32DF3}.Release|Any CPU.Build.0 = Release|Any CPU
	EndGlobalSection
	GlobalSection(SolutionProperties) = preSolution
		HideSolutionNode = FALSE
	EndGlobalSection
	GlobalSection(ExtensibilityGlobals) = postSolution
		SolutionGuid = {743A05E5-DF97-4626-94BD-2A4ADA76C1A3}
	EndGlobalSection
EndGlobal
